
Microsoft Visual Studio Solution File, Format Version 12.00
# Visual Studio 14
VisualStudioVersion = 14.0.23107.0
MinimumVisualStudioVersion = 10.0.40219.1
Project("{FAE04EC0-301F-11D3-BF4B-00C04F79EFBC}") = "MovieShopUI", "MovieShop\MovieShopUI.csproj", "{BBB20D4A-8BEC-4005-AD9E-96FB955D82EB}"
EndProject
Project("{FAE04EC0-301F-11D3-BF4B-00C04F79EFBC}") = "MovieShopDAL", "MovieShopDAL\MovieShopDAL.csproj", "{33B60160-4683-4D3E-85D2-4CBD93317C7A}"
EndProject
Global
	GlobalSection(SolutionConfigurationPlatforms) = preSolution
		Debug|Any CPU = Debug|Any CPU
		Release|Any CPU = Release|Any CPU
	EndGlobalSection
	GlobalSection(ProjectConfigurationPlatforms) = postSolution
		{BBB20D4A-8BEC-4005-AD9E-96FB955D82EB}.Debug|Any CPU.ActiveCfg = Debug|Any CPU
		{BBB20D4A-8BEC-4005-AD9E-96FB955D82EB}.Debug|Any CPU.Build.0 = Debug|Any CPU
		{BBB20D4A-8BEC-4005-AD9E-96FB955D82EB}.Release|Any CPU.ActiveCfg = Release|Any CPU
		{BBB20D4A-8BEC-4005-AD9E-96FB955D82EB}.Release|Any CPU.Build.0 = Release|Any CPU
		{33B60160-4683-4D3E-85D2-4CBD93317C7A}.Debug|Any CPU.ActiveCfg = Debug|Any CPU
		{33B60160-4683-4D3E-85D2-4CBD93317C7A}.Debug|Any CPU.Build.0 = Debug|Any CPU
		{33B60160-4683-4D3E-85D2-4CBD93317C7A}.Release|Any CPU.ActiveCfg = Release|Any CPU
		{33B60160-4683-4D3E-85D2-4CBD93317C7A}.Release|Any CPU.Build.0 = Release|Any CPU
	EndGlobalSection
	GlobalSection(SolutionProperties) = preSolution
		HideSolutionNode = FALSE
	EndGlobalSection
EndGlobal
