
Microsoft Visual Studio Solution File, Format Version 12.00
# Visual Studio 14
VisualStudioVersion = 14.0.23107.0
MinimumVisualStudioVersion = 10.0.40219.1
Project("{FAE04EC0-301F-11D3-BF4B-00C04F79EFBC}") = "MovieShopDAL", "MovieShopDAL\MovieShopDAL.csproj", "{BD5AD1F2-CFDE-45F8-8FE1-99CBAC6F9A06}"
EndProject
Project("{FAE04EC0-301F-11D3-BF4B-00C04F79EFBC}") = "MovieShopUser", "MovieShopUser\MovieShopUser.csproj", "{1EB201B7-BCBF-4C14-9186-D8CC4C56603E}"
EndProject
Project("{FAE04EC0-301F-11D3-BF4B-00C04F79EFBC}") = "MovieShopAdmin", "MovieShopAdmin\MovieShopAdmin.csproj", "{6879C6EC-CA82-4B10-AC85-FCF10F2AC02D}"
EndProject
Global
	GlobalSection(SolutionConfigurationPlatforms) = preSolution
		Debug|Any CPU = Debug|Any CPU
		Release|Any CPU = Release|Any CPU
	EndGlobalSection
	GlobalSection(ProjectConfigurationPlatforms) = postSolution
		{BD5AD1F2-CFDE-45F8-8FE1-99CBAC6F9A06}.Debug|Any CPU.ActiveCfg = Debug|Any CPU
		{BD5AD1F2-CFDE-45F8-8FE1-99CBAC6F9A06}.Debug|Any CPU.Build.0 = Debug|Any CPU
		{BD5AD1F2-CFDE-45F8-8FE1-99CBAC6F9A06}.Release|Any CPU.ActiveCfg = Release|Any CPU
		{BD5AD1F2-CFDE-45F8-8FE1-99CBAC6F9A06}.Release|Any CPU.Build.0 = Release|Any CPU
		{1EB201B7-BCBF-4C14-9186-D8CC4C56603E}.Debug|Any CPU.ActiveCfg = Debug|Any CPU
		{1EB201B7-BCBF-4C14-9186-D8CC4C56603E}.Debug|Any CPU.Build.0 = Debug|Any CPU
		{1EB201B7-BCBF-4C14-9186-D8CC4C56603E}.Release|Any CPU.ActiveCfg = Release|Any CPU
		{1EB201B7-BCBF-4C14-9186-D8CC4C56603E}.Release|Any CPU.Build.0 = Release|Any CPU
		{6879C6EC-CA82-4B10-AC85-FCF10F2AC02D}.Debug|Any CPU.ActiveCfg = Debug|Any CPU
		{6879C6EC-CA82-4B10-AC85-FCF10F2AC02D}.Debug|Any CPU.Build.0 = Debug|Any CPU
		{6879C6EC-CA82-4B10-AC85-FCF10F2AC02D}.Release|Any CPU.ActiveCfg = Release|Any CPU
		{6879C6EC-CA82-4B10-AC85-FCF10F2AC02D}.Release|Any CPU.Build.0 = Release|Any CPU
	EndGlobalSection
	GlobalSection(SolutionProperties) = preSolution
		HideSolutionNode = FALSE
	EndGlobalSection
EndGlobal
